
Microsoft Visual Studio Solution File, Format Version 12.00
# Visual Studio Version 17
VisualStudioVersion = 17.7.34018.315
MinimumVisualStudioVersion = 10.0.40219.1
Project("{9A19103F-16F7-4668-BE54-9A1E7A4F7556}") = "DependencyGraph", "DependencyGraph\DependencyGraph.csproj", "{D5D509AC-DF53-471E-ACC0-703DDF9BD57C}"
EndProject
Project("{9A19103F-16F7-4668-BE54-9A1E7A4F7556}") = "DependencyGraphTests", "DependencyGraphTests\DependencyGraphTests.csproj", "{2EF04CDA-596D-4688-8C57-9A2D73826F03}"
EndProject
Project("{9A19103F-16F7-4668-BE54-9A1E7A4F7556}") = "Formula", "Formula\Formula.csproj", "{60A8658D-1ED4-4F79-ABE6-501F19B6A7C6}"
EndProject
Project("{9A19103F-16F7-4668-BE54-9A1E7A4F7556}") = "FormulaTests", "FormulaTests\FormulaTests.csproj", "{29456076-4025-41A7-8CA9-8C75E0A865B6}"
EndProject
Project("{9A19103F-16F7-4668-BE54-9A1E7A4F7556}") = "Spreadsheet", "Spreadsheet\Spreadsheet.csproj", "{4563DF61-4BB5-4FFD-AEFD-8E48DD8F6740}"
EndProject
Project("{9A19103F-16F7-4668-BE54-9A1E7A4F7556}") = "SpreadsheetTests", "SpreadsheetTests\SpreadsheetTests.csproj", "{0DAE6105-D9DC-4012-8B33-387AB0D9B778}"
EndProject
Global
	GlobalSection(SolutionConfigurationPlatforms) = preSolution
		Debug|Any CPU = Debug|Any CPU
		Release|Any CPU = Release|Any CPU
	EndGlobalSection
	GlobalSection(ProjectConfigurationPlatforms) = postSolution
		{D5D509AC-DF53-471E-ACC0-703DDF9BD57C}.Debug|Any CPU.ActiveCfg = Debug|Any CPU
		{D5D509AC-DF53-471E-ACC0-703DDF9BD57C}.Debug|Any CPU.Build.0 = Debug|Any CPU
		{D5D509AC-DF53-471E-ACC0-703DDF9BD57C}.Release|Any CPU.ActiveCfg = Release|Any CPU
		{D5D509AC-DF53-471E-ACC0-703DDF9BD57C}.Release|Any CPU.Build.0 = Release|Any CPU
		{2EF04CDA-596D-4688-8C57-9A2D73826F03}.Debug|Any CPU.ActiveCfg = Debug|Any CPU
		{2EF04CDA-596D-4688-8C57-9A2D73826F03}.Debug|Any CPU.Build.0 = Debug|Any CPU
		{2EF04CDA-596D-4688-8C57-9A2D73826F03}.Release|Any CPU.ActiveCfg = Release|Any CPU
		{2EF04CDA-596D-4688-8C57-9A2D73826F03}.Release|Any CPU.Build.0 = Release|Any CPU
		{60A8658D-1ED4-4F79-ABE6-501F19B6A7C6}.Debug|Any CPU.ActiveCfg = Debug|Any CPU
		{60A8658D-1ED4-4F79-ABE6-501F19B6A7C6}.Debug|Any CPU.Build.0 = Debug|Any CPU
		{60A8658D-1ED4-4F79-ABE6-501F19B6A7C6}.Release|Any CPU.ActiveCfg = Release|Any CPU
		{60A8658D-1ED4-4F79-ABE6-501F19B6A7C6}.Release|Any CPU.Build.0 = Release|Any CPU
		{29456076-4025-41A7-8CA9-8C75E0A865B6}.Debug|Any CPU.ActiveCfg = Debug|Any CPU
		{29456076-4025-41A7-8CA9-8C75E0A865B6}.Debug|Any CPU.Build.0 = Debug|Any CPU
		{29456076-4025-41A7-8CA9-8C75E0A865B6}.Release|Any CPU.ActiveCfg = Release|Any CPU
		{29456076-4025-41A7-8CA9-8C75E0A865B6}.Release|Any CPU.Build.0 = Release|Any CPU
		{4563DF61-4BB5-4FFD-AEFD-8E48DD8F6740}.Debug|Any CPU.ActiveCfg = Debug|Any CPU
		{4563DF61-4BB5-4FFD-AEFD-8E48DD8F6740}.Debug|Any CPU.Build.0 = Debug|Any CPU
		{4563DF61-4BB5-4FFD-AEFD-8E48DD8F6740}.Release|Any CPU.ActiveCfg = Release|Any CPU
		{4563DF61-4BB5-4FFD-AEFD-8E48DD8F6740}.Release|Any CPU.Build.0 = Release|Any CPU
		{0DAE6105-D9DC-4012-8B33-387AB0D9B778}.Debug|Any CPU.ActiveCfg = Debug|Any CPU
		{0DAE6105-D9DC-4012-8B33-387AB0D9B778}.Debug|Any CPU.Build.0 = Debug|Any CPU
		{0DAE6105-D9DC-4012-8B33-387AB0D9B778}.Release|Any CPU.ActiveCfg = Release|Any CPU
		{0DAE6105-D9DC-4012-8B33-387AB0D9B778}.Release|Any CPU.Build.0 = Release|Any CPU
	EndGlobalSection
	GlobalSection(SolutionProperties) = preSolution
		HideSolutionNode = FALSE
	EndGlobalSection
	GlobalSection(ExtensibilityGlobals) = postSolution
		SolutionGuid = {5ACE5C2B-FB32-40A6-8D5A-480460D5DB05}
	EndGlobalSection
EndGlobal
